
Microsoft Visual Studio Solution File, Format Version 12.00
# Visual Studio Version 16
VisualStudioVersion = 16.0.31613.86
MinimumVisualStudioVersion = 10.0.40219.1
Project("{FAE04EC0-301F-11D3-BF4B-00C04F79EFBC}") = "MobileGeneration", "MobileGeneration\MobileGeneration.csproj", "{C5142156-9DFE-4E3B-833D-107DFB34026A}"
EndProject
Global
	GlobalSection(SolutionConfigurationPlatforms) = preSolution
		Debug|Any CPU = Debug|Any CPU
		Release|Any CPU = Release|Any CPU
	EndGlobalSection
	GlobalSection(ProjectConfigurationPlatforms) = postSolution
		{C5142156-9DFE-4E3B-833D-107DFB34026A}.Debug|Any CPU.ActiveCfg = Debug|Any CPU
		{C5142156-9DFE-4E3B-833D-107DFB34026A}.Debug|Any CPU.Build.0 = Debug|Any CPU
		{C5142156-9DFE-4E3B-833D-107DFB34026A}.Release|Any CPU.ActiveCfg = Release|Any CPU
		{C5142156-9DFE-4E3B-833D-107DFB34026A}.Release|Any CPU.Build.0 = Release|Any CPU
	EndGlobalSection
	GlobalSection(SolutionProperties) = preSolution
		HideSolutionNode = FALSE
	EndGlobalSection
	GlobalSection(ExtensibilityGlobals) = postSolution
		SolutionGuid = {E0AAAB86-3A53-44C9-B275-8213B19364D9}
	EndGlobalSection
EndGlobal
